// !$*UTF8*$!
{
	archiveVersion = 1;
	classes = {
	};
	objectVersion = 77;
	objects = {

/* Begin PBXBuildFile section */
		1A2B3C4D5E6F000000000080 /* FirebaseAuth in Frameworks */ = {isa = PBXBuildFile; productRef = 1A2B3C4D5E6F000000000070 /* FirebaseAuth */; };
		1A2B3C4D5E6F000000000081 /* FirebaseFirestore in Frameworks */ = {isa = PBXBuildFile; productRef = 1A2B3C4D5E6F000000000071 /* FirebaseFirestore */; };
		1A2B3C4D5E6F000000000082 /* GoogleSignIn in Frameworks */ = {isa = PBXBuildFile; productRef = 1A2B3C4D5E6F000000000072 /* GoogleSignIn */; };
		1A2B3C4D5E6F000000000083 /* GoogleMobileAds in Frameworks */ = {isa = PBXBuildFile; productRef = 1A2B3C4D5E6F000000000073 /* GoogleMobileAds */; };
		1A2B3C4D5E6F000000000084 /* GoogleUserMessagingPlatform in Frameworks */ = {isa = PBXBuildFile; productRef = 1A2B3C4D5E6F000000000074 /* GoogleUserMessagingPlatform */; };
		1A2B3C4D5E6F000000000085 /* PokkeShare.appex in Embed Foundation Extensions */ = {isa = PBXBuildFile; fileRef = 1A2B3C4D5E6F000000000021 /* PokkeShare.appex */; settings = {ATTRIBUTES = (RemoveHeadersOnCopy, ); }; };
/* End PBXBuildFile section */

/* Begin PBXContainerItemProxy section */
		1A2B3C4D5E6F000000000051 /* PBXContainerItemProxy */ = {
			isa = PBXContainerItemProxy;
			containerPortal = 1A2B3C4D5E6F000000000001 /* Project object */;
			proxyType = 1;
			remoteGlobalIDString = 1A2B3C4D5E6F000000000020;
			remoteInfo = PokkeShare;
		};
/* End PBXContainerItemProxy section */

/* Begin PBXCopyFilesBuildPhase section */
		1A2B3C4D5E6F000000000018 /* Embed Foundation Extensions */ = {
			isa = PBXCopyFilesBuildPhase;
			buildActionMask = 2147483647;
			dstPath = "";
			dstSubfolderSpec = 13;
			files = (
				1A2B3C4D5E6F000000000085 /* PokkeShare.appex in Embed Foundation Extensions */,
			);
			name = "Embed Foundation Extensions";
			runOnlyForDeploymentPostprocessing = 0;
		};
/* End PBXCopyFilesBuildPhase section */

/* Begin PBXFileReference section */
		1A2B3C4D5E6F000000000011 /* Pokke.app */ = {isa = PBXFileReference; explicitFileType = wrapper.application; includeInIndex = 0; path = Pokke.app; sourceTree = BUILT_PRODUCTS_DIR; };
		1A2B3C4D5E6F000000000021 /* PokkeShare.appex */ = {isa = PBXFileReference; explicitFileType = "wrapper.app-extension"; includeInIndex = 0; path = PokkeShare.appex; sourceTree = BUILT_PRODUCTS_DIR; };
		1A2B3C4D5E6F000000000031 /* PokkeTests.xctest */ = {isa = PBXFileReference; explicitFileType = wrapper.cfbundle; includeInIndex = 0; path = PokkeTests.xctest; sourceTree = BUILT_PRODUCTS_DIR; };
/* End PBXFileReference section */

/* Begin PBXFileSystemSynchronizedBuildFileExceptionSet section */
		1A2B3C4D5E6F000000000044 /* Exceptions for "Pokke" folder in "Pokke" target */ = {
			isa = PBXFileSystemSynchronizedBuildFileExceptionSet;
			membershipExceptions = (
				Info.plist,
			);
			target = 1A2B3C4D5E6F000000000010 /* Pokke */;
		};
		1A2B3C4D5E6F000000000045 /* Exceptions for "PokkeShare" folder in "PokkeShare" target */ = {
			isa = PBXFileSystemSynchronizedBuildFileExceptionSet;
			membershipExceptions = (
				Info.plist,
			);
			target = 1A2B3C4D5E6F000000000020 /* PokkeShare */;
		};
/* End PBXFileSystemSynchronizedBuildFileExceptionSet section */

/* Begin PBXFileSystemSynchronizedRootGroup section */
		1A2B3C4D5E6F000000000040 /* Pokke */ = {
			isa = PBXFileSystemSynchronizedRootGroup;
			exceptions = (
				1A2B3C4D5E6F000000000044 /* Exceptions for "Pokke" folder in "Pokke" target */,
			);
			path = Pokke;
			sourceTree = "<group>";
		};
		1A2B3C4D5E6F000000000041 /* PokkeCore */ = {
			isa = PBXFileSystemSynchronizedRootGroup;
			path = PokkeCore;
			sourceTree = "<group>";
		};
		1A2B3C4D5E6F000000000042 /* PokkeShare */ = {
			isa = PBXFileSystemSynchronizedRootGroup;
			exceptions = (
				1A2B3C4D5E6F000000000045 /* Exceptions for "PokkeShare" folder in "PokkeShare" target */,
			);
			path = PokkeShare;
			sourceTree = "<group>";
		};
		1A2B3C4D5E6F000000000043 /* PokkeTests */ = {
			isa = PBXFileSystemSynchronizedRootGroup;
			path = PokkeTests;
			sourceTree = "<group>";
		};
/* End PBXFileSystemSynchronizedRootGroup section */

/* Begin PBXFrameworksBuildPhase section */
		1A2B3C4D5E6F000000000016 /* Frameworks */ = {
			isa = PBXFrameworksBuildPhase;
			buildActionMask = 2147483647;
			files = (
				1A2B3C4D5E6F000000000080 /* FirebaseAuth in Frameworks */,
				1A2B3C4D5E6F000000000081 /* FirebaseFirestore in Frameworks */,
				1A2B3C4D5E6F000000000082 /* GoogleSignIn in Frameworks */,
				1A2B3C4D5E6F000000000083 /* GoogleMobileAds in Frameworks */,
				1A2B3C4D5E6F000000000084 /* GoogleUserMessagingPlatform in Frameworks */,
			);
			runOnlyForDeploymentPostprocessing = 0;
		};
		1A2B3C4D5E6F000000000026 /* Frameworks */ = {
			isa = PBXFrameworksBuildPhase;
			buildActionMask = 2147483647;
			files = (
			);
			runOnlyForDeploymentPostprocessing = 0;
		};
		1A2B3C4D5E6F000000000036 /* Frameworks */ = {
			isa = PBXFrameworksBuildPhase;
			buildActionMask = 2147483647;
			files = (
			);
			runOnlyForDeploymentPostprocessing = 0;
		};
/* End PBXFrameworksBuildPhase section */

/* Begin PBXGroup section */
		1A2B3C4D5E6F000000000002 = {
			isa = PBXGroup;
			children = (
				1A2B3C4D5E6F000000000040 /* Pokke */,
				1A2B3C4D5E6F000000000041 /* PokkeCore */,
				1A2B3C4D5E6F000000000042 /* PokkeShare */,
				1A2B3C4D5E6F000000000043 /* PokkeTests */,
				1A2B3C4D5E6F000000000003 /* Products */,
			);
			sourceTree = "<group>";
		};
		1A2B3C4D5E6F000000000003 /* Products */ = {
			isa = PBXGroup;
			children = (
				1A2B3C4D5E6F000000000011 /* Pokke.app */,
				1A2B3C4D5E6F000000000021 /* PokkeShare.appex */,
				1A2B3C4D5E6F000000000031 /* PokkeTests.xctest */,
			);
			name = Products;
			sourceTree = "<group>";
		};
/* End PBXGroup section */

/* Begin PBXNativeTarget section */
		1A2B3C4D5E6F000000000010 /* Pokke */ = {
			isa = PBXNativeTarget;
			buildConfigurationList = 1A2B3C4D5E6F000000000012 /* Build configuration list for PBXNativeTarget "Pokke" */;
			buildPhases = (
				1A2B3C4D5E6F000000000015 /* Sources */,
				1A2B3C4D5E6F000000000016 /* Frameworks */,
				1A2B3C4D5E6F000000000017 /* Resources */,
				1A2B3C4D5E6F000000000018 /* Embed Foundation Extensions */,
			);
			buildRules = (
			);
			dependencies = (
				1A2B3C4D5E6F000000000050 /* PBXTargetDependency */,
			);
			fileSystemSynchronizedGroups = (
				1A2B3C4D5E6F000000000040 /* Pokke */,
				1A2B3C4D5E6F000000000041 /* PokkeCore */,
			);
			name = Pokke;
			packageProductDependencies = (
				1A2B3C4D5E6F000000000070 /* FirebaseAuth */,
				1A2B3C4D5E6F000000000071 /* FirebaseFirestore */,
				1A2B3C4D5E6F000000000072 /* GoogleSignIn */,
				1A2B3C4D5E6F000000000073 /* GoogleMobileAds */,
				1A2B3C4D5E6F000000000074 /* GoogleUserMessagingPlatform */,
			);
			productName = Pokke;
			productReference = 1A2B3C4D5E6F000000000011 /* Pokke.app */;
			productType = "com.apple.product-type.application";
		};
		1A2B3C4D5E6F000000000020 /* PokkeShare */ = {
			isa = PBXNativeTarget;
			buildConfigurationList = 1A2B3C4D5E6F000000000022 /* Build configuration list for PBXNativeTarget "PokkeShare" */;
			buildPhases = (
				1A2B3C4D5E6F000000000025 /* Sources */,
				1A2B3C4D5E6F000000000026 /* Frameworks */,
				1A2B3C4D5E6F000000000027 /* Resources */,
			);
			buildRules = (
			);
			dependencies = (
			);
			fileSystemSynchronizedGroups = (
				1A2B3C4D5E6F000000000041 /* PokkeCore */,
				1A2B3C4D5E6F000000000042 /* PokkeShare */,
			);
			name = PokkeShare;
			packageProductDependencies = (
			);
			productName = PokkeShare;
			productReference = 1A2B3C4D5E6F000000000021 /* PokkeShare.appex */;
			productType = "com.apple.product-type.app-extension";
		};
		1A2B3C4D5E6F000000000030 /* PokkeTests */ = {
			isa = PBXNativeTarget;
			buildConfigurationList = 1A2B3C4D5E6F000000000032 /* Build configuration list for PBXNativeTarget "PokkeTests" */;
			buildPhases = (
				1A2B3C4D5E6F000000000035 /* Sources */,
				1A2B3C4D5E6F000000000036 /* Frameworks */,
				1A2B3C4D5E6F000000000037 /* Resources */,
			);
			buildRules = (
			);
			dependencies = (
			);
			fileSystemSynchronizedGroups = (
				1A2B3C4D5E6F000000000041 /* PokkeCore */,
				1A2B3C4D5E6F000000000043 /* PokkeTests */,
			);
			name = PokkeTests;
			packageProductDependencies = (
			);
			productName = PokkeTests;
			productReference = 1A2B3C4D5E6F000000000031 /* PokkeTests.xctest */;
			productType = "com.apple.product-type.bundle.unit-test";
		};
/* End PBXNativeTarget section */

/* Begin PBXProject section */
		1A2B3C4D5E6F000000000001 /* Project object */ = {
			isa = PBXProject;
			attributes = {
				BuildIndependentTargetsInParallel = 1;
				LastSwiftUpdateCheck = 2660;
				LastUpgradeCheck = 2660;
				TargetAttributes = {
					1A2B3C4D5E6F000000000010 = {
						CreatedOnToolsVersion = 26.6;
					};
					1A2B3C4D5E6F000000000020 = {
						CreatedOnToolsVersion = 26.6;
					};
					1A2B3C4D5E6F000000000030 = {
						CreatedOnToolsVersion = 26.6;
					};
				};
			};
			buildConfigurationList = 1A2B3C4D5E6F000000000004 /* Build configuration list for PBXProject "Pokke" */;
			developmentRegion = en;
			hasScannedForEncodings = 0;
			knownRegions = (
				en,
				ja,
				Base,
			);
			mainGroup = 1A2B3C4D5E6F000000000002;
			minimizedProjectReferenceProxies = 1;
			packageReferences = (
				1A2B3C4D5E6F000000000060 /* XCRemoteSwiftPackageReference "firebase-ios-sdk" */,
				1A2B3C4D5E6F000000000061 /* XCRemoteSwiftPackageReference "GoogleSignIn-iOS" */,
				1A2B3C4D5E6F000000000062 /* XCRemoteSwiftPackageReference "swift-package-manager-google-mobile-ads" */,
				1A2B3C4D5E6F000000000063 /* XCRemoteSwiftPackageReference "swift-package-manager-google-user-messaging-platform" */,
			);
			preferredProjectObjectVersion = 77;
			productRefGroup = 1A2B3C4D5E6F000000000003 /* Products */;
			projectDirPath = "";
			projectRoot = "";
			targets = (
				1A2B3C4D5E6F000000000010 /* Pokke */,
				1A2B3C4D5E6F000000000020 /* PokkeShare */,
				1A2B3C4D5E6F000000000030 /* PokkeTests */,
			);
		};
/* End PBXProject section */

/* Begin PBXResourcesBuildPhase section */
		1A2B3C4D5E6F000000000017 /* Resources */ = {
			isa = PBXResourcesBuildPhase;
			buildActionMask = 2147483647;
			files = (
			);
			runOnlyForDeploymentPostprocessing = 0;
		};
		1A2B3C4D5E6F000000000027 /* Resources */ = {
			isa = PBXResourcesBuildPhase;
			buildActionMask = 2147483647;
			files = (
			);
			runOnlyForDeploymentPostprocessing = 0;
		};
		1A2B3C4D5E6F000000000037 /* Resources */ = {
			isa = PBXResourcesBuildPhase;
			buildActionMask = 2147483647;
			files = (
			);
			runOnlyForDeploymentPostprocessing = 0;
		};
/* End PBXResourcesBuildPhase section */

/* Begin PBXSourcesBuildPhase section */
		1A2B3C4D5E6F000000000015 /* Sources */ = {
			isa = PBXSourcesBuildPhase;
			buildActionMask = 2147483647;
			files = (
			);
			runOnlyForDeploymentPostprocessing = 0;
		};
		1A2B3C4D5E6F000000000025 /* Sources */ = {
			isa = PBXSourcesBuildPhase;
			buildActionMask = 2147483647;
			files = (
			);
			runOnlyForDeploymentPostprocessing = 0;
		};
		1A2B3C4D5E6F000000000035 /* Sources */ = {
			isa = PBXSourcesBuildPhase;
			buildActionMask = 2147483647;
			files = (
			);
			runOnlyForDeploymentPostprocessing = 0;
		};
/* End PBXSourcesBuildPhase section */

/* Begin PBXTargetDependency section */
		1A2B3C4D5E6F000000000050 /* PBXTargetDependency */ = {
			isa = PBXTargetDependency;
			target = 1A2B3C4D5E6F000000000020 /* PokkeShare */;
			targetProxy = 1A2B3C4D5E6F000000000051 /* PBXContainerItemProxy */;
		};
/* End PBXTargetDependency section */

/* Begin XCBuildConfiguration section */
		1A2B3C4D5E6F000000000005 /* Debug */ = {
			isa = XCBuildConfiguration;
			buildSettings = {
				ALWAYS_SEARCH_USER_PATHS = NO;
				ASSETCATALOG_COMPILER_GENERATE_SWIFT_ASSET_SYMBOL_EXTENSIONS = YES;
				CLANG_ANALYZER_NONNULL = YES;
				CLANG_ENABLE_MODULES = YES;
				CLANG_ENABLE_OBJC_ARC = YES;
				CLANG_WARN_DOCUMENTATION_COMMENTS = YES;
				CLANG_WARN_UNGUARDED_AVAILABILITY = YES_AGGRESSIVE;
				COPY_PHASE_STRIP = NO;
				DEBUG_INFORMATION_FORMAT = dwarf;
				ENABLE_STRICT_OBJC_MSGSEND = YES;
				ENABLE_TESTABILITY = YES;
				ENABLE_USER_SCRIPT_SANDBOXING = YES;
				GCC_C_LANGUAGE_STANDARD = gnu17;
				GCC_DYNAMIC_NO_PIC = NO;
				GCC_NO_COMMON_BLOCKS = YES;
				GCC_OPTIMIZATION_LEVEL = 0;
				GCC_PREPROCESSOR_DEFINITIONS = (
					"DEBUG=1",
					"$(inherited)",
				);
				IPHONEOS_DEPLOYMENT_TARGET = 17.0;
				LOCALIZATION_PREFERS_STRING_CATALOGS = YES;
				MTL_ENABLE_DEBUG_INFO = INCLUDE_SOURCE;
				MTL_FAST_MATH = YES;
				ONLY_ACTIVE_ARCH = YES;
				SDKROOT = iphoneos;
				STRING_CATALOG_GENERATE_SYMBOLS = NO;
				SWIFT_ACTIVE_COMPILATION_CONDITIONS = "DEBUG $(inherited)";
				SWIFT_OPTIMIZATION_LEVEL = "-Onone";
				SWIFT_VERSION = 5.0;
			};
			name = Debug;
		};
		1A2B3C4D5E6F000000000006 /* Release */ = {
			isa = XCBuildConfiguration;
			buildSettings = {
				ALWAYS_SEARCH_USER_PATHS = NO;
				ASSETCATALOG_COMPILER_GENERATE_SWIFT_ASSET_SYMBOL_EXTENSIONS = YES;
				CLANG_ANALYZER_NONNULL = YES;
				CLANG_ENABLE_MODULES = YES;
				CLANG_ENABLE_OBJC_ARC = YES;
				CLANG_WARN_DOCUMENTATION_COMMENTS = YES;
				CLANG_WARN_UNGUARDED_AVAILABILITY = YES_AGGRESSIVE;
				COPY_PHASE_STRIP = NO;
				DEBUG_INFORMATION_FORMAT = "dwarf-with-dsym";
				ENABLE_NS_ASSERTIONS = NO;
				ENABLE_STRICT_OBJC_MSGSEND = YES;
				ENABLE_USER_SCRIPT_SANDBOXING = YES;
				GCC_C_LANGUAGE_STANDARD = gnu17;
				GCC_NO_COMMON_BLOCKS = YES;
				IPHONEOS_DEPLOYMENT_TARGET = 17.0;
				LOCALIZATION_PREFERS_STRING_CATALOGS = YES;
				MTL_ENABLE_DEBUG_INFO = NO;
				MTL_FAST_MATH = YES;
				SDKROOT = iphoneos;
				STRING_CATALOG_GENERATE_SYMBOLS = NO;
				SWIFT_COMPILATION_MODE = wholemodule;
				SWIFT_VERSION = 5.0;
				VALIDATE_PRODUCT = YES;
			};
			name = Release;
		};
		1A2B3C4D5E6F000000000013 /* Debug */ = {
			isa = XCBuildConfiguration;
			buildSettings = {
				ASSETCATALOG_COMPILER_APPICON_NAME = AppIcon;
				ASSETCATALOG_COMPILER_GLOBAL_ACCENT_COLOR_NAME = AccentColor;
				CODE_SIGN_ENTITLEMENTS = Pokke/Pokke.entitlements;
				CODE_SIGN_STYLE = Automatic;
				CURRENT_PROJECT_VERSION = 1;
				DEVELOPMENT_TEAM = W2MGTX4423;
				ENABLE_PREVIEWS = YES;
				GENERATE_INFOPLIST_FILE = YES;
				INFOPLIST_FILE = Pokke/Info.plist;
				INFOPLIST_KEY_UIApplicationSceneManifest_Generation = YES;
				INFOPLIST_KEY_UIApplicationSupportsIndirectInputEvents = YES;
				LD_RUNPATH_SEARCH_PATHS = (
					"$(inherited)",
					"@executable_path/Frameworks",
				);
				MARKETING_VERSION = 1.0.0;
				PRODUCT_BUNDLE_IDENTIFIER = com.egaz.stash;
				PRODUCT_NAME = "$(TARGET_NAME)";
				SWIFT_EMIT_LOC_STRINGS = YES;
				TARGETED_DEVICE_FAMILY = "1,2";
			};
			name = Debug;
		};
		1A2B3C4D5E6F000000000014 /* Release */ = {
			isa = XCBuildConfiguration;
			buildSettings = {
				ASSETCATALOG_COMPILER_APPICON_NAME = AppIcon;
				ASSETCATALOG_COMPILER_GLOBAL_ACCENT_COLOR_NAME = AccentColor;
				CODE_SIGN_ENTITLEMENTS = Pokke/Pokke.entitlements;
				CODE_SIGN_STYLE = Automatic;
				CURRENT_PROJECT_VERSION = 1;
				DEVELOPMENT_TEAM = W2MGTX4423;
				ENABLE_PREVIEWS = YES;
				GENERATE_INFOPLIST_FILE = YES;
				INFOPLIST_FILE = Pokke/Info.plist;
				INFOPLIST_KEY_UIApplicationSceneManifest_Generation = YES;
				INFOPLIST_KEY_UIApplicationSupportsIndirectInputEvents = YES;
				LD_RUNPATH_SEARCH_PATHS = (
					"$(inherited)",
					"@executable_path/Frameworks",
				);
				MARKETING_VERSION = 1.0.0;
				PRODUCT_BUNDLE_IDENTIFIER = com.egaz.stash;
				PRODUCT_NAME = "$(TARGET_NAME)";
				SWIFT_EMIT_LOC_STRINGS = YES;
				TARGETED_DEVICE_FAMILY = "1,2";
			};
			name = Release;
		};
		1A2B3C4D5E6F000000000023 /* Debug */ = {
			isa = XCBuildConfiguration;
			buildSettings = {
				CODE_SIGN_ENTITLEMENTS = PokkeShare/PokkeShare.entitlements;
				CODE_SIGN_STYLE = Automatic;
				CURRENT_PROJECT_VERSION = 1;
				DEVELOPMENT_TEAM = W2MGTX4423;
				GENERATE_INFOPLIST_FILE = YES;
				INFOPLIST_FILE = PokkeShare/Info.plist;
				LD_RUNPATH_SEARCH_PATHS = (
					"$(inherited)",
					"@executable_path/Frameworks",
					"@executable_path/../../Frameworks",
				);
				MARKETING_VERSION = 1.0.0;
				PRODUCT_BUNDLE_IDENTIFIER = com.egaz.stash.Share;
				PRODUCT_NAME = "$(TARGET_NAME)";
				SKIP_INSTALL = YES;
				SWIFT_EMIT_LOC_STRINGS = YES;
				TARGETED_DEVICE_FAMILY = "1,2";
			};
			name = Debug;
		};
		1A2B3C4D5E6F000000000024 /* Release */ = {
			isa = XCBuildConfiguration;
			buildSettings = {
				CODE_SIGN_ENTITLEMENTS = PokkeShare/PokkeShare.entitlements;
				CODE_SIGN_STYLE = Automatic;
				CURRENT_PROJECT_VERSION = 1;
				DEVELOPMENT_TEAM = W2MGTX4423;
				GENERATE_INFOPLIST_FILE = YES;
				INFOPLIST_FILE = PokkeShare/Info.plist;
				LD_RUNPATH_SEARCH_PATHS = (
					"$(inherited)",
					"@executable_path/Frameworks",
					"@executable_path/../../Frameworks",
				);
				MARKETING_VERSION = 1.0.0;
				PRODUCT_BUNDLE_IDENTIFIER = com.egaz.stash.Share;
				PRODUCT_NAME = "$(TARGET_NAME)";
				SKIP_INSTALL = YES;
				SWIFT_EMIT_LOC_STRINGS = YES;
				TARGETED_DEVICE_FAMILY = "1,2";
			};
			name = Release;
		};
		1A2B3C4D5E6F000000000033 /* Debug */ = {
			isa = XCBuildConfiguration;
			buildSettings = {
				CODE_SIGN_STYLE = Automatic;
				CURRENT_PROJECT_VERSION = 1;
				DEVELOPMENT_TEAM = W2MGTX4423;
				GENERATE_INFOPLIST_FILE = YES;
				MARKETING_VERSION = 1.0.0;
				PRODUCT_BUNDLE_IDENTIFIER = com.egaz.stash.Tests;
				PRODUCT_NAME = "$(TARGET_NAME)";
				SWIFT_EMIT_LOC_STRINGS = NO;
				TARGETED_DEVICE_FAMILY = "1,2";
			};
			name = Debug;
		};
		1A2B3C4D5E6F000000000034 /* Release */ = {
			isa = XCBuildConfiguration;
			buildSettings = {
				CODE_SIGN_STYLE = Automatic;
				CURRENT_PROJECT_VERSION = 1;
				DEVELOPMENT_TEAM = W2MGTX4423;
				GENERATE_INFOPLIST_FILE = YES;
				MARKETING_VERSION = 1.0.0;
				PRODUCT_BUNDLE_IDENTIFIER = com.egaz.stash.Tests;
				PRODUCT_NAME = "$(TARGET_NAME)";
				SWIFT_EMIT_LOC_STRINGS = NO;
				TARGETED_DEVICE_FAMILY = "1,2";
			};
			name = Release;
		};
/* End XCBuildConfiguration section */

/* Begin XCConfigurationList section */
		1A2B3C4D5E6F000000000004 /* Build configuration list for PBXProject "Pokke" */ = {
			isa = XCConfigurationList;
			buildConfigurations = (
				1A2B3C4D5E6F000000000005 /* Debug */,
				1A2B3C4D5E6F000000000006 /* Release */,
			);
			defaultConfigurationIsVisible = 0;
			defaultConfigurationName = Release;
		};
		1A2B3C4D5E6F000000000012 /* Build configuration list for PBXNativeTarget "Pokke" */ = {
			isa = XCConfigurationList;
			buildConfigurations = (
				1A2B3C4D5E6F000000000013 /* Debug */,
				1A2B3C4D5E6F000000000014 /* Release */,
			);
			defaultConfigurationIsVisible = 0;
			defaultConfigurationName = Release;
		};
		1A2B3C4D5E6F000000000022 /* Build configuration list for PBXNativeTarget "PokkeShare" */ = {
			isa = XCConfigurationList;
			buildConfigurations = (
				1A2B3C4D5E6F000000000023 /* Debug */,
				1A2B3C4D5E6F000000000024 /* Release */,
			);
			defaultConfigurationIsVisible = 0;
			defaultConfigurationName = Release;
		};
		1A2B3C4D5E6F000000000032 /* Build configuration list for PBXNativeTarget "PokkeTests" */ = {
			isa = XCConfigurationList;
			buildConfigurations = (
				1A2B3C4D5E6F000000000033 /* Debug */,
				1A2B3C4D5E6F000000000034 /* Release */,
			);
			defaultConfigurationIsVisible = 0;
			defaultConfigurationName = Release;
		};
/* End XCConfigurationList section */

/* Begin XCRemoteSwiftPackageReference section */
		1A2B3C4D5E6F000000000060 /* XCRemoteSwiftPackageReference "firebase-ios-sdk" */ = {
			isa = XCRemoteSwiftPackageReference;
			repositoryURL = "https://github.com/firebase/firebase-ios-sdk";
			requirement = {
				kind = upToNextMajorVersion;
				minimumVersion = 11.15.0;
			};
		};
		1A2B3C4D5E6F000000000061 /* XCRemoteSwiftPackageReference "GoogleSignIn-iOS" */ = {
			isa = XCRemoteSwiftPackageReference;
			repositoryURL = "https://github.com/google/GoogleSignIn-iOS";
			requirement = {
				kind = upToNextMajorVersion;
				minimumVersion = 8.0.0;
			};
		};
		1A2B3C4D5E6F000000000062 /* XCRemoteSwiftPackageReference "swift-package-manager-google-mobile-ads" */ = {
			isa = XCRemoteSwiftPackageReference;
			repositoryURL = "https://github.com/googleads/swift-package-manager-google-mobile-ads.git";
			requirement = {
				kind = upToNextMajorVersion;
				minimumVersion = 12.1.0;
			};
		};
		1A2B3C4D5E6F000000000063 /* XCRemoteSwiftPackageReference "swift-package-manager-google-user-messaging-platform" */ = {
			isa = XCRemoteSwiftPackageReference;
			repositoryURL = "https://github.com/googleads/swift-package-manager-google-user-messaging-platform.git";
			requirement = {
				kind = upToNextMajorVersion;
				minimumVersion = 2.7.0;
			};
		};
/* End XCRemoteSwiftPackageReference section */

/* Begin XCSwiftPackageProductDependency section */
		1A2B3C4D5E6F000000000070 /* FirebaseAuth */ = {
			isa = XCSwiftPackageProductDependency;
			package = 1A2B3C4D5E6F000000000060 /* XCRemoteSwiftPackageReference "firebase-ios-sdk" */;
			productName = FirebaseAuth;
		};
		1A2B3C4D5E6F000000000071 /* FirebaseFirestore */ = {
			isa = XCSwiftPackageProductDependency;
			package = 1A2B3C4D5E6F000000000060 /* XCRemoteSwiftPackageReference "firebase-ios-sdk" */;
			productName = FirebaseFirestore;
		};
		1A2B3C4D5E6F000000000072 /* GoogleSignIn */ = {
			isa = XCSwiftPackageProductDependency;
			package = 1A2B3C4D5E6F000000000061 /* XCRemoteSwiftPackageReference "GoogleSignIn-iOS" */;
			productName = GoogleSignIn;
		};
		1A2B3C4D5E6F000000000073 /* GoogleMobileAds */ = {
			isa = XCSwiftPackageProductDependency;
			package = 1A2B3C4D5E6F000000000062 /* XCRemoteSwiftPackageReference "swift-package-manager-google-mobile-ads" */;
			productName = GoogleMobileAds;
		};
		1A2B3C4D5E6F000000000074 /* GoogleUserMessagingPlatform */ = {
			isa = XCSwiftPackageProductDependency;
			package = 1A2B3C4D5E6F000000000063 /* XCRemoteSwiftPackageReference "swift-package-manager-google-user-messaging-platform" */;
			productName = GoogleUserMessagingPlatform;
		};
/* End XCSwiftPackageProductDependency section */
	};
	rootObject = 1A2B3C4D5E6F000000000001 /* Project object */;
}
